
Microsoft Visual Studio Solution File, Format Version 12.00
# Visual Studio Version 17
VisualStudioVersion = 17.5.002.0
MinimumVisualStudioVersion = 10.0.40219.1
Project("{9A19103F-16F7-4668-BE54-9A1E7A4F7556}") = "AlgorithmsBenchmarks", "AlgorithmsBenchmarks\AlgorithmsBenchmarks.csproj", "{BEB8D87B-81D3-4B1D-A44F-0B696F80A92E}"
EndProject
Global
	GlobalSection(SolutionConfigurationPlatforms) = preSolution
		Debug|Any CPU = Debug|Any CPU
		Release|Any CPU = Release|Any CPU
	EndGlobalSection
	GlobalSection(ProjectConfigurationPlatforms) = postSolution
		{BEB8D87B-81D3-4B1D-A44F-0B696F80A92E}.Debug|Any CPU.ActiveCfg = Debug|Any CPU
		{BEB8D87B-81D3-4B1D-A44F-0B696F80A92E}.Debug|Any CPU.Build.0 = Debug|Any CPU
		{BEB8D87B-81D3-4B1D-A44F-0B696F80A92E}.Release|Any CPU.ActiveCfg = Release|Any CPU
		{BEB8D87B-81D3-4B1D-A44F-0B696F80A92E}.Release|Any CPU.Build.0 = Release|Any CPU
	EndGlobalSection
	GlobalSection(SolutionProperties) = preSolution
		HideSolutionNode = FALSE
	EndGlobalSection
	GlobalSection(ExtensibilityGlobals) = postSolution
		SolutionGuid = {C61BEB04-2461-4CD1-A7DA-83DF525DF0E1}
	EndGlobalSection
EndGlobal
